
Microsoft Visual Studio Solution File, Format Version 12.00
# Visual Studio Version 17
VisualStudioVersion = 17.5.002.0
MinimumVisualStudioVersion = 10.0.40219.1
Project("{FAE04EC0-301F-11D3-BF4B-00C04F79EFBC}") = "Functions", "Functions\Functions.csproj", "{ADD3AD54-823B-4B55-B9E1-620C131828FD}"
EndProject
Project("{FAE04EC0-301F-11D3-BF4B-00C04F79EFBC}") = "Application", "Application\Application.csproj", "{B8E4A897-3095-46A4-81DA-BFB6B323BB4F}"
EndProject
Project("{FAE04EC0-301F-11D3-BF4B-00C04F79EFBC}") = "Domain", "Domain\Domain.csproj", "{D56766CC-3F33-450D-8F18-4A13B7C7156C}"
EndProject
Project("{FAE04EC0-301F-11D3-BF4B-00C04F79EFBC}") = "Common", "Common\Common.csproj", "{F959B3A0-D06A-46EB-A324-CB6C81B181EE}"
EndProject
Global
	GlobalSection(SolutionProperties) = preSolution
		HideSolutionNode = FALSE
	EndGlobalSection
	GlobalSection(ExtensibilityGlobals) = postSolution
		SolutionGuid = {5069A735-77E7-4F2F-B9AD-39B2AF59D794}
	EndGlobalSection
	GlobalSection(SolutionConfigurationPlatforms) = preSolution
		Debug|Any CPU = Debug|Any CPU
		Debug|x64 = Debug|x64
		Debug|x86 = Debug|x86
		Release|Any CPU = Release|Any CPU
		Release|x64 = Release|x64
		Release|x86 = Release|x86
	EndGlobalSection
	GlobalSection(ProjectConfigurationPlatforms) = postSolution
		{ADD3AD54-823B-4B55-B9E1-620C131828FD}.Debug|Any CPU.ActiveCfg = Debug|Any CPU
		{ADD3AD54-823B-4B55-B9E1-620C131828FD}.Debug|Any CPU.Build.0 = Debug|Any CPU
		{ADD3AD54-823B-4B55-B9E1-620C131828FD}.Debug|x64.ActiveCfg = Debug|Any CPU
		{ADD3AD54-823B-4B55-B9E1-620C131828FD}.Debug|x64.Build.0 = Debug|Any CPU
		{ADD3AD54-823B-4B55-B9E1-620C131828FD}.Debug|x86.ActiveCfg = Debug|Any CPU
		{ADD3AD54-823B-4B55-B9E1-620C131828FD}.Debug|x86.Build.0 = Debug|Any CPU
		{ADD3AD54-823B-4B55-B9E1-620C131828FD}.Release|Any CPU.ActiveCfg = Release|Any CPU
		{ADD3AD54-823B-4B55-B9E1-620C131828FD}.Release|Any CPU.Build.0 = Release|Any CPU
		{ADD3AD54-823B-4B55-B9E1-620C131828FD}.Release|x64.ActiveCfg = Release|Any CPU
		{ADD3AD54-823B-4B55-B9E1-620C131828FD}.Release|x64.Build.0 = Release|Any CPU
		{ADD3AD54-823B-4B55-B9E1-620C131828FD}.Release|x86.ActiveCfg = Release|Any CPU
		{ADD3AD54-823B-4B55-B9E1-620C131828FD}.Release|x86.Build.0 = Release|Any CPU
		{B8E4A897-3095-46A4-81DA-BFB6B323BB4F}.Debug|Any CPU.ActiveCfg = Debug|Any CPU
		{B8E4A897-3095-46A4-81DA-BFB6B323BB4F}.Debug|Any CPU.Build.0 = Debug|Any CPU
		{B8E4A897-3095-46A4-81DA-BFB6B323BB4F}.Debug|x64.ActiveCfg = Debug|Any CPU
		{B8E4A897-3095-46A4-81DA-BFB6B323BB4F}.Debug|x64.Build.0 = Debug|Any CPU
		{B8E4A897-3095-46A4-81DA-BFB6B323BB4F}.Debug|x86.ActiveCfg = Debug|Any CPU
		{B8E4A897-3095-46A4-81DA-BFB6B323BB4F}.Debug|x86.Build.0 = Debug|Any CPU
		{B8E4A897-3095-46A4-81DA-BFB6B323BB4F}.Release|Any CPU.ActiveCfg = Release|Any CPU
		{B8E4A897-3095-46A4-81DA-BFB6B323BB4F}.Release|Any CPU.Build.0 = Release|Any CPU
		{B8E4A897-3095-46A4-81DA-BFB6B323BB4F}.Release|x64.ActiveCfg = Release|Any CPU
		{B8E4A897-3095-46A4-81DA-BFB6B323BB4F}.Release|x64.Build.0 = Release|Any CPU
		{B8E4A897-3095-46A4-81DA-BFB6B323BB4F}.Release|x86.ActiveCfg = Release|Any CPU
		{B8E4A897-3095-46A4-81DA-BFB6B323BB4F}.Release|x86.Build.0 = Release|Any CPU
		{D56766CC-3F33-450D-8F18-4A13B7C7156C}.Debug|Any CPU.ActiveCfg = Debug|Any CPU
		{D56766CC-3F33-450D-8F18-4A13B7C7156C}.Debug|Any CPU.Build.0 = Debug|Any CPU
		{D56766CC-3F33-450D-8F18-4A13B7C7156C}.Debug|x64.ActiveCfg = Debug|Any CPU
		{D56766CC-3F33-450D-8F18-4A13B7C7156C}.Debug|x64.Build.0 = Debug|Any CPU
		{D56766CC-3F33-450D-8F18-4A13B7C7156C}.Debug|x86.ActiveCfg = Debug|Any CPU
		{D56766CC-3F33-450D-8F18-4A13B7C7156C}.Debug|x86.Build.0 = Debug|Any CPU
		{D56766CC-3F33-450D-8F18-4A13B7C7156C}.Release|Any CPU.ActiveCfg = Release|Any CPU
		{D56766CC-3F33-450D-8F18-4A13B7C7156C}.Release|Any CPU.Build.0 = Release|Any CPU
		{D56766CC-3F33-450D-8F18-4A13B7C7156C}.Release|x64.ActiveCfg = Release|Any CPU
		{D56766CC-3F33-450D-8F18-4A13B7C7156C}.Release|x64.Build.0 = Release|Any CPU
		{D56766CC-3F33-450D-8F18-4A13B7C7156C}.Release|x86.ActiveCfg = Release|Any CPU
		{D56766CC-3F33-450D-8F18-4A13B7C7156C}.Release|x86.Build.0 = Release|Any CPU
		{F959B3A0-D06A-46EB-A324-CB6C81B181EE}.Debug|Any CPU.ActiveCfg = Debug|Any CPU
		{F959B3A0-D06A-46EB-A324-CB6C81B181EE}.Debug|Any CPU.Build.0 = Debug|Any CPU
		{F959B3A0-D06A-46EB-A324-CB6C81B181EE}.Debug|x64.ActiveCfg = Debug|Any CPU
		{F959B3A0-D06A-46EB-A324-CB6C81B181EE}.Debug|x64.Build.0 = Debug|Any CPU
		{F959B3A0-D06A-46EB-A324-CB6C81B181EE}.Debug|x86.ActiveCfg = Debug|Any CPU
		{F959B3A0-D06A-46EB-A324-CB6C81B181EE}.Debug|x86.Build.0 = Debug|Any CPU
		{F959B3A0-D06A-46EB-A324-CB6C81B181EE}.Release|Any CPU.ActiveCfg = Release|Any CPU
		{F959B3A0-D06A-46EB-A324-CB6C81B181EE}.Release|Any CPU.Build.0 = Release|Any CPU
		{F959B3A0-D06A-46EB-A324-CB6C81B181EE}.Release|x64.ActiveCfg = Release|Any CPU
		{F959B3A0-D06A-46EB-A324-CB6C81B181EE}.Release|x64.Build.0 = Release|Any CPU
		{F959B3A0-D06A-46EB-A324-CB6C81B181EE}.Release|x86.ActiveCfg = Release|Any CPU
		{F959B3A0-D06A-46EB-A324-CB6C81B181EE}.Release|x86.Build.0 = Release|Any CPU
	EndGlobalSection
EndGlobal
